// !$*UTF8*$!
{
	archiveVersion = 1;
	classes = {
	};
	objectVersion = 46;
	objects = {

/* Begin PBXBuildFile section */
		276C0B8F1A50724600BF89AF /* main.m in Sources */ = {isa = PBXBuildFile; fileRef = 276C0B8E1A50724600BF89AF /* main.m */; };
		276C0B921A50724600BF89AF /* AppDelegate.m in Sources */ = {isa = PBXBuildFile; fileRef = 276C0B911A50724600BF89AF /* AppDelegate.m */; };
		276C0B951A50724600BF89AF /* ViewController.m in Sources */ = {isa = PBXBuildFile; fileRef = 276C0B941A50724600BF89AF /* ViewController.m */; };
		276C0B981A50724600BF89AF /* Main.storyboard in Resources */ = {isa = PBXBuildFile; fileRef = 276C0B961A50724600BF89AF /* Main.storyboard */; };
		276C0B9A1A50724600BF89AF /* Images.xcassets in Resources */ = {isa = PBXBuildFile; fileRef = 276C0B991A50724600BF89AF /* Images.xcassets */; };
		276C0B9D1A50724600BF89AF /* LaunchScreen.xib in Resources */ = {isa = PBXBuildFile; fileRef = 276C0B9B1A50724600BF89AF /* LaunchScreen.xib */; };
		276C0BA91A50724700BF89AF /* AutoCompleteTests.m in Sources */ = {isa = PBXBuildFile; fileRef = 276C0BA81A50724700BF89AF /* AutoCompleteTests.m */; };
/* End PBXBuildFile section */

/* Begin PBXContainerItemProxy section */
		276C0BA31A50724600BF89AF /* PBXContainerItemProxy */ = {
			isa = PBXContainerItemProxy;
			containerPortal = 276C0B811A50724600BF89AF /* Project object */;
			proxyType = 1;
			remoteGlobalIDString = 276C0B881A50724600BF89AF;
			remoteInfo = AutoComplete;
		};
/* End PBXContainerItemProxy section */

/* Begin PBXFileReference section */
		276C0B891A50724600BF89AF /* AutoComplete.app */ = {isa = PBXFileReference; explicitFileType = wrapper.application; includeInIndex = 0; path = AutoComplete.app; sourceTree = BUILT_PRODUCTS_DIR; };
		276C0B8D1A50724600BF89AF /* Info.plist */ = {isa = PBXFileReference; lastKnownFileType = text.plist.xml; path = Info.plist; sourceTree = "<group>"; };
		276C0B8E1A50724600BF89AF /* main.m */ = {isa = PBXFileReference; lastKnownFileType = sourcecode.c.objc; path = main.m; sourceTree = "<group>"; };
		276C0B901A50724600BF89AF /* AppDelegate.h */ = {isa = PBXFileReference; lastKnownFileType = sourcecode.c.h; path = AppDelegate.h; sourceTree = "<group>"; };
		276C0B911A50724600BF89AF /* AppDelegate.m */ = {isa = PBXFileReference; lastKnownFileType = sourcecode.c.objc; path = AppDelegate.m; sourceTree = "<group>"; };
		276C0B931A50724600BF89AF /* ViewController.h */ = {isa = PBXFileReference; lastKnownFileType = sourcecode.c.h; path = ViewController.h; sourceTree = "<group>"; };
		276C0B941A50724600BF89AF /* ViewController.m */ = {isa = PBXFileReference; lastKnownFileType = sourcecode.c.objc; path = ViewController.m; sourceTree = "<group>"; };
		276C0B971A50724600BF89AF /* Base */ = {isa = PBXFileReference; lastKnownFileType = file.storyboard; name = Base; path = Base.lproj/Main.storyboard; sourceTree = "<group>"; };
		276C0B991A50724600BF89AF /* Images.xcassets */ = {isa = PBXFileReference; lastKnownFileType = folder.assetcatalog; path = Images.xcassets; sourceTree = "<group>"; };
		276C0B9C1A50724600BF89AF /* Base */ = {isa = PBXFileReference; lastKnownFileType = file.xib; name = Base; path = Base.lproj/LaunchScreen.xib; sourceTree = "<group>"; };
		276C0BA21A50724600BF89AF /* AutoCompleteTests.xctest */ = {isa = PBXFileReference; explicitFileType = wrapper.cfbundle; includeInIndex = 0; path = AutoCompleteTests.xctest; sourceTree = BUILT_PRODUCTS_DIR; };
		276C0BA71A50724700BF89AF /* Info.plist */ = {isa = PBXFileReference; lastKnownFileType = text.plist.xml; path = Info.plist; sourceTree = "<group>"; };
		276C0BA81A50724700BF89AF /* AutoCompleteTests.m */ = {isa = PBXFileReference; lastKnownFileType = sourcecode.c.objc; path = AutoCompleteTests.m; sourceTree = "<group>"; };
/* End PBXFileReference section */

/* Begin PBXFrameworksBuildPhase section */
		276C0B861A50724600BF89AF /* Frameworks */ = {
			isa = PBXFrameworksBuildPhase;
			buildActionMask = 2147483647;
			files = (
			);
			runOnlyForDeploymentPostprocessing = 0;
		};
		276C0B9F1A50724600BF89AF /* Frameworks */ = {
			isa = PBXFrameworksBuildPhase;
			buildActionMask = 2147483647;
			files = (
			);
			runOnlyForDeploymentPostprocessing = 0;
		};
/* End PBXFrameworksBuildPhase section */

/* Begin PBXGroup section */
		276C0B801A50724600BF89AF = {
			isa = PBXGroup;
			children = (
				276C0B8B1A50724600BF89AF /* AutoComplete */,
				276C0BA51A50724700BF89AF /* AutoCompleteTests */,
				276C0B8A1A50724600BF89AF /* Products */,
			);
			sourceTree = "<group>";
		};
		276C0B8A1A50724600BF89AF /* Products */ = {
			isa = PBXGroup;
			children = (
				276C0B891A50724600BF89AF /* AutoComplete.app */,
				276C0BA21A50724600BF89AF /* AutoCompleteTests.xctest */,
			);
			name = Products;
			sourceTree = "<group>";
		};
		276C0B8B1A50724600BF89AF /* AutoComplete */ = {
			isa = PBXGroup;
			children = (
				276C0B901A50724600BF89AF /* AppDelegate.h */,
				276C0B911A50724600BF89AF /* AppDelegate.m */,
				276C0B931A50724600BF89AF /* ViewController.h */,
				276C0B941A50724600BF89AF /* ViewController.m */,
				276C0B961A50724600BF89AF /* Main.storyboard */,
				276C0B991A50724600BF89AF /* Images.xcassets */,
				276C0B9B1A50724600BF89AF /* LaunchScreen.xib */,
				276C0B8C1A50724600BF89AF /* Supporting Files */,
			);
			path = AutoComplete;
			sourceTree = "<group>";
		};
		276C0B8C1A50724600BF89AF /* Supporting Files */ = {
			isa = PBXGroup;
			children = (
				276C0B8D1A50724600BF89AF /* Info.plist */,
				276C0B8E1A50724600BF89AF /* main.m */,
			);
			name = "Supporting Files";
			sourceTree = "<group>";
		};
		276C0BA51A50724700BF89AF /* AutoCompleteTests */ = {
			isa = PBXGroup;
			children = (
				276C0BA81A50724700BF89AF /* AutoCompleteTests.m */,
				276C0BA61A50724700BF89AF /* Supporting Files */,
			);
			path = AutoCompleteTests;
			sourceTree = "<group>";
		};
		276C0BA61A50724700BF89AF /* Supporting Files */ = {
			isa = PBXGroup;
			children = (
				276C0BA71A50724700BF89AF /* Info.plist */,
			);
			name = "Supporting Files";
			sourceTree = "<group>";
		};
/* End PBXGroup section */

/* Begin PBXNativeTarget section */
		276C0B881A50724600BF89AF /* AutoComplete */ = {
			isa = PBXNativeTarget;
			buildConfigurationList = 276C0BAC1A50724700BF89AF /* Build configuration list for PBXNativeTarget "AutoComplete" */;
			buildPhases = (
				276C0B851A50724600BF89AF /* Sources */,
				276C0B861A50724600BF89AF /* Frameworks */,
				276C0B871A50724600BF89AF /* Resources */,
			);
			buildRules = (
			);
			dependencies = (
			);
			name = AutoComplete;
			productName = AutoComplete;
			productReference = 276C0B891A50724600BF89AF /* AutoComplete.app */;
			productType = "com.apple.product-type.application";
		};
		276C0BA11A50724600BF89AF /* AutoCompleteTests */ = {
			isa = PBXNativeTarget;
			buildConfigurationList = 276C0BAF1A50724700BF89AF /* Build configuration list for PBXNativeTarget "AutoCompleteTests" */;
			buildPhases = (
				276C0B9E1A50724600BF89AF /* Sources */,
				276C0B9F1A50724600BF89AF /* Frameworks */,
				276C0BA01A50724600BF89AF /* Resources */,
			);
			buildRules = (
			);
			dependencies = (
				276C0BA41A50724600BF89AF /* PBXTargetDependency */,
			);
			name = AutoCompleteTests;
			productName = AutoCompleteTests;
			productReference = 276C0BA21A50724600BF89AF /* AutoCompleteTests.xctest */;
			productType = "com.apple.product-type.bundle.unit-test";
		};
/* End PBXNativeTarget section */

/* Begin PBXProject section */
		276C0B811A50724600BF89AF /* Project object */ = {
			isa = PBXProject;
			attributes = {
				LastUpgradeCheck = 0610;
				ORGANIZATIONNAME = "Katlyn Schwaebe";
				TargetAttributes = {
					276C0B881A50724600BF89AF = {
						CreatedOnToolsVersion = 6.1;
					};
					276C0BA11A50724600BF89AF = {
						CreatedOnToolsVersion = 6.1;
						TestTargetID = 276C0B881A50724600BF89AF;
					};
				};
			};
			buildConfigurationList = 276C0B841A50724600BF89AF /* Build configuration list for PBXProject "AutoComplete" */;
			compatibilityVersion = "Xcode 3.2";
			developmentRegion = English;
			hasScannedForEncodings = 0;
			knownRegions = (
				en,
				Base,
			);
			mainGroup = 276C0B801A50724600BF89AF;
			productRefGroup = 276C0B8A1A50724600BF89AF /* Products */;
			projectDirPath = "";
			projectRoot = "";
			targets = (
				276C0B881A50724600BF89AF /* AutoComplete */,
				276C0BA11A50724600BF89AF /* AutoCompleteTests */,
			);
		};
/* End PBXProject section */

/* Begin PBXResourcesBuildPhase section */
		276C0B871A50724600BF89AF /* Resources */ = {
			isa = PBXResourcesBuildPhase;
			buildActionMask = 2147483647;
			files = (
				276C0B981A50724600BF89AF /* Main.storyboard in Resources */,
				276C0B9D1A50724600BF89AF /* LaunchScreen.xib in Resources */,
				276C0B9A1A50724600BF89AF /* Images.xcassets in Resources */,
			);
			runOnlyForDeploymentPostprocessing = 0;
		};
		276C0BA01A50724600BF89AF /* Resources */ = {
			isa = PBXResourcesBuildPhase;
			buildActionMask = 2147483647;
			files = (
			);
			runOnlyForDeploymentPostprocessing = 0;
		};
/* End PBXResourcesBuildPhase section */

/* Begin PBXSourcesBuildPhase section */
		276C0B851A50724600BF89AF /* Sources */ = {
			isa = PBXSourcesBuildPhase;
			buildActionMask = 2147483647;
			files = (
				276C0B951A50724600BF89AF /* ViewController.m in Sources */,
				276C0B921A50724600BF89AF /* AppDelegate.m in Sources */,
				276C0B8F1A50724600BF89AF /* main.m in Sources */,
			);
			runOnlyForDeploymentPostprocessing = 0;
		};
		276C0B9E1A50724600BF89AF /* Sources */ = {
			isa = PBXSourcesBuildPhase;
			buildActionMask = 2147483647;
			files = (
				276C0BA91A50724700BF89AF /* AutoCompleteTests.m in Sources */,
			);
			runOnlyForDeploymentPostprocessing = 0;
		};
/* End PBXSourcesBuildPhase section */

/* Begin PBXTargetDependency section */
		276C0BA41A50724600BF89AF /* PBXTargetDependency */ = {
			isa = PBXTargetDependency;
			target = 276C0B881A50724600BF89AF /* AutoComplete */;
			targetProxy = 276C0BA31A50724600BF89AF /* PBXContainerItemProxy */;
		};
/* End PBXTargetDependency section */

/* Begin PBXVariantGroup section */
		276C0B961A50724600BF89AF /* Main.storyboard */ = {
			isa = PBXVariantGroup;
			children = (
				276C0B971A50724600BF89AF /* Base */,
			);
			name = Main.storyboard;
			sourceTree = "<group>";
		};
		276C0B9B1A50724600BF89AF /* LaunchScreen.xib */ = {
			isa = PBXVariantGroup;
			children = (
				276C0B9C1A50724600BF89AF /* Base */,
			);
			name = LaunchScreen.xib;
			sourceTree = "<group>";
		};
/* End PBXVariantGroup section */

/* Begin XCBuildConfiguration section */
		276C0BAA1A50724700BF89AF /* Debug */ = {
			isa = XCBuildConfiguration;
			buildSettings = {
				ALWAYS_SEARCH_USER_PATHS = NO;
				CLANG_CXX_LANGUAGE_STANDARD = "gnu++0x";
				CLANG_CXX_LIBRARY = "libc++";
				CLANG_ENABLE_MODULES = YES;
				CLANG_ENABLE_OBJC_ARC = YES;
				CLANG_WARN_BOOL_CONVERSION = YES;
				CLANG_WARN_CONSTANT_CONVERSION = YES;
				CLANG_WARN_DIRECT_OBJC_ISA_USAGE = YES_ERROR;
				CLANG_WARN_EMPTY_BODY = YES;
				CLANG_WARN_ENUM_CONVERSION = YES;
				CLANG_WARN_INT_CONVERSION = YES;
				CLANG_WARN_OBJC_ROOT_CLASS = YES_ERROR;
				CLANG_WARN_UNREACHABLE_CODE = YES;
				CLANG_WARN__DUPLICATE_METHOD_MATCH = YES;
				"CODE_SIGN_IDENTITY[sdk=iphoneos*]" = "iPhone Developer";
				COPY_PHASE_STRIP = NO;
				ENABLE_STRICT_OBJC_MSGSEND = YES;
				GCC_C_LANGUAGE_STANDARD = gnu99;
				GCC_DYNAMIC_NO_PIC = NO;
				GCC_OPTIMIZATION_LEVEL = 0;
				GCC_PREPROCESSOR_DEFINITIONS = (
					"DEBUG=1",
					"$(inherited)",
				);
				GCC_SYMBOLS_PRIVATE_EXTERN = NO;
				GCC_WARN_64_TO_32_BIT_CONVERSION = YES;
				GCC_WARN_ABOUT_RETURN_TYPE = YES_ERROR;
				GCC_WARN_UNDECLARED_SELECTOR = YES;
				GCC_WARN_UNINITIALIZED_AUTOS = YES_AGGRESSIVE;
				GCC_WARN_UNUSED_FUNCTION = YES;
				GCC_WARN_UNUSED_VARIABLE = YES;
				IPHONEOS_DEPLOYMENT_TARGET = 8.1;
				MTL_ENABLE_DEBUG_INFO = YES;
				ONLY_ACTIVE_ARCH = YES;
				SDKROOT = iphoneos;
			};
			name = Debug;
		};
		276C0BAB1A50724700BF89AF /* Release */ = {
			isa = XCBuildConfiguration;
			buildSettings = {
				ALWAYS_SEARCH_USER_PATHS = NO;
				CLANG_CXX_LANGUAGE_STANDARD = "gnu++0x";
				CLANG_CXX_LIBRARY = "libc++";
				CLANG_ENABLE_MODULES = YES;
				CLANG_ENABLE_OBJC_ARC = YES;
				CLANG_WARN_BOOL_CONVERSION = YES;
				CLANG_WARN_CONSTANT_CONVERSION = YES;
				CLANG_WARN_DIRECT_OBJC_ISA_USAGE = YES_ERROR;
				CLANG_WARN_EMPTY_BODY = YES;
				CLANG_WARN_ENUM_CONVERSION = YES;
				CLANG_WARN_INT_CONVERSION = YES;
				CLANG_WARN_OBJC_ROOT_CLASS = YES_ERROR;
				CLANG_WARN_UNREACHABLE_CODE = YES;
				CLANG_WARN__DUPLICATE_METHOD_MATCH = YES;
				"CODE_SIGN_IDENTITY[sdk=iphoneos*]" = "iPhone Developer";
				COPY_PHASE_STRIP = YES;
				ENABLE_NS_ASSERTIONS = NO;
				ENABLE_STRICT_OBJC_MSGSEND = YES;
				GCC_C_LANGUAGE_STANDARD = gnu99;
				GCC_WARN_64_TO_32_BIT_CONVERSION = YES;
				GCC_WARN_ABOUT_RETURN_TYPE = YES_ERROR;
				GCC_WARN_UNDECLARED_SELECTOR = YES;
				GCC_WARN_UNINITIALIZED_AUTOS = YES_AGGRESSIVE;
				GCC_WARN_UNUSED_FUNCTION = YES;
				GCC_WARN_UNUSED_VARIABLE = YES;
				IPHONEOS_DEPLOYMENT_TARGET = 8.1;
				MTL_ENABLE_DEBUG_INFO = NO;
				SDKROOT = iphoneos;
				VALIDATE_PRODUCT = YES;
			};
			name = Release;
		};
		276C0BAD1A50724700BF89AF /* Debug */ = {
			isa = XCBuildConfiguration;
			buildSettings = {
				ASSETCATALOG_COMPILER_APPICON_NAME = AppIcon;
				INFOPLIST_FILE = AutoComplete/Info.plist;
				LD_RUNPATH_SEARCH_PATHS = "$(inherited) @executable_path/Frameworks";
				PRODUCT_NAME = "$(TARGET_NAME)";
			};
			name = Debug;
		};
		276C0BAE1A50724700BF89AF /* Release */ = {
			isa = XCBuildConfiguration;
			buildSettings = {
				ASSETCATALOG_COMPILER_APPICON_NAME = AppIcon;
				INFOPLIST_FILE = AutoComplete/Info.plist;
				LD_RUNPATH_SEARCH_PATHS = "$(inherited) @executable_path/Frameworks";
				PRODUCT_NAME = "$(TARGET_NAME)";
			};
			name = Release;
		};
		276C0BB01A50724700BF89AF /* Debug */ = {
			isa = XCBuildConfiguration;
			buildSettings = {
				BUNDLE_LOADER = "$(TEST_HOST)";
				FRAMEWORK_SEARCH_PATHS = (
					"$(SDKROOT)/Developer/Library/Frameworks",
					"$(inherited)",
				);
				GCC_PREPROCESSOR_DEFINITIONS = (
					"DEBUG=1",
					"$(inherited)",
				);
				INFOPLIST_FILE = AutoCompleteTests/Info.plist;
				LD_RUNPATH_SEARCH_PATHS = "$(inherited) @executable_path/Frameworks @loader_path/Frameworks";
				PRODUCT_NAME = "$(TARGET_NAME)";
				TEST_HOST = "$(BUILT_PRODUCTS_DIR)/AutoComplete.app/AutoComplete";
			};
			name = Debug;
		};
		276C0BB11A50724700BF89AF /* Release */ = {
			isa = XCBuildConfiguration;
			buildSettings = {
				BUNDLE_LOADER = "$(TEST_HOST)";
				FRAMEWORK_SEARCH_PATHS = (
					"$(SDKROOT)/Developer/Library/Frameworks",
					"$(inherited)",
				);
				INFOPLIST_FILE = AutoCompleteTests/Info.plist;
				LD_RUNPATH_SEARCH_PATHS = "$(inherited) @executable_path/Frameworks @loader_path/Frameworks";
				PRODUCT_NAME = "$(TARGET_NAME)";
				TEST_HOST = "$(BUILT_PRODUCTS_DIR)/AutoComplete.app/AutoComplete";
			};
			name = Release;
		};
/* End XCBuildConfiguration section */

/* Begin XCConfigurationList section */
		276C0B841A50724600BF89AF /* Build configuration list for PBXProject "AutoComplete" */ = {
			isa = XCConfigurationList;
			buildConfigurations = (
				276C0BAA1A50724700BF89AF /* Debug */,
				276C0BAB1A50724700BF89AF /* Release */,
			);
			defaultConfigurationIsVisible = 0;
			defaultConfigurationName = Release;
		};
		276C0BAC1A50724700BF89AF /* Build configuration list for PBXNativeTarget "AutoComplete" */ = {
			isa = XCConfigurationList;
			buildConfigurations = (
				276C0BAD1A50724700BF89AF /* Debug */,
				276C0BAE1A50724700BF89AF /* Release */,
			);
			defaultConfigurationIsVisible = 0;
		};
		276C0BAF1A50724700BF89AF /* Build configuration list for PBXNativeTarget "AutoCompleteTests" */ = {
			isa = XCConfigurationList;
			buildConfigurations = (
				276C0BB01A50724700BF89AF /* Debug */,
				276C0BB11A50724700BF89AF /* Release */,
			);
			defaultConfigurationIsVisible = 0;
		};
/* End XCConfigurationList section */
	};
	rootObject = 276C0B811A50724600BF89AF /* Project object */;
}
